// !$*UTF8*$!
{
	archiveVersion = 1;
	classes = {
	};
	objectVersion = 56;
	objects = {

/* Begin PBXBuildFile section */
		281BF10F2C08D9E90024BB5F /* WebViewViewController.swift in Sources */ = {isa = PBXBuildFile; fileRef = 281BF10E2C08D9E90024BB5F /* WebViewViewController.swift */; };
		281BF1122C08E6180024BB5F /* WebViewViewControllerDelegate.swift in Sources */ = {isa = PBXBuildFile; fileRef = 281BF1112C08E6180024BB5F /* WebViewViewControllerDelegate.swift */; };
		282BD1BA2C08F4B90090E013 /* OAuth2Service.swift in Sources */ = {isa = PBXBuildFile; fileRef = 282BD1B92C08F4B90090E013 /* OAuth2Service.swift */; };
		282BD1BD2C08FC140090E013 /* URLSession+data.swift in Sources */ = {isa = PBXBuildFile; fileRef = 282BD1BC2C08FC140090E013 /* URLSession+data.swift */; };
		282BD1C02C08FDFD0090E013 /* OAuthTokenResponseBody.swift in Sources */ = {isa = PBXBuildFile; fileRef = 282BD1BF2C08FDFD0090E013 /* OAuthTokenResponseBody.swift */; };
		282BD1C62C09FB2E0090E013 /* OAuth2TokenStorage.swift in Sources */ = {isa = PBXBuildFile; fileRef = 282BD1C52C09FB2E0090E013 /* OAuth2TokenStorage.swift */; };
		282BD1CB2C0A02E10090E013 /* SplashViewController.swift in Sources */ = {isa = PBXBuildFile; fileRef = 282BD1CA2C0A02E10090E013 /* SplashViewController.swift */; };
		282BD1CD2C0C74F30090E013 /* AuthViewControllerDelegate.swift in Sources */ = {isa = PBXBuildFile; fileRef = 282BD1CC2C0C74F30090E013 /* AuthViewControllerDelegate.swift */; };
		28416C572C2C450200FC3A81 /* ProfileImageService.swift in Sources */ = {isa = PBXBuildFile; fileRef = 28416C562C2C450200FC3A81 /* ProfileImageService.swift */; };
		28416C5A2C2C454200FC3A81 /* UserResult.swift in Sources */ = {isa = PBXBuildFile; fileRef = 28416C592C2C454200FC3A81 /* UserResult.swift */; };
		28416C5E2C2C844A00FC3A81 /* Kingfisher in Frameworks */ = {isa = PBXBuildFile; productRef = 28416C5D2C2C844A00FC3A81 /* Kingfisher */; };
		28416C612C2CA98E00FC3A81 /* SwiftKeychainWrapper in Frameworks */ = {isa = PBXBuildFile; productRef = 28416C602C2CA98E00FC3A81 /* SwiftKeychainWrapper */; };
		28416C642C2CABE700FC3A81 /* TabBarController.swift in Sources */ = {isa = PBXBuildFile; fileRef = 28416C632C2CABE700FC3A81 /* TabBarController.swift */; };
		28BC8E6D2C08D5CC00FE4978 /* AuthViewController.swift in Sources */ = {isa = PBXBuildFile; fileRef = 28BC8E6C2C08D5CC00FE4978 /* AuthViewController.swift */; };
		28DD68972C232848003B79B9 /* ProgressHUD in Frameworks */ = {isa = PBXBuildFile; productRef = 28DD68962C232848003B79B9 /* ProgressHUD */; };
		28DD68992C25BEB3003B79B9 /* UIBlockingProgressHUD.swift in Sources */ = {isa = PBXBuildFile; fileRef = 28DD68982C25BEB3003B79B9 /* UIBlockingProgressHUD.swift */; };
		28DD689B2C2AFDA1003B79B9 /* ProfileService.swift in Sources */ = {isa = PBXBuildFile; fileRef = 28DD689A2C2AFDA1003B79B9 /* ProfileService.swift */; };
		28DD689D2C2AFDCC003B79B9 /* ProfileResult.swift in Sources */ = {isa = PBXBuildFile; fileRef = 28DD689C2C2AFDCC003B79B9 /* ProfileResult.swift */; };
		28DD689F2C2AFF40003B79B9 /* Profile.swift in Sources */ = {isa = PBXBuildFile; fileRef = 28DD689E2C2AFF40003B79B9 /* Profile.swift */; };
		28E842172BF77B9900549E85 /* ProfileViewController.swift in Sources */ = {isa = PBXBuildFile; fileRef = 28E842162BF77B9900549E85 /* ProfileViewController.swift */; };
		28E8421A2BF9466100549E85 /* SingleImageViewController.swift in Sources */ = {isa = PBXBuildFile; fileRef = 28E842192BF9466100549E85 /* SingleImageViewController.swift */; };
		33032DBA2BE51B32002F5CD4 /* ImagesListCell.swift in Sources */ = {isa = PBXBuildFile; fileRef = 33032DB92BE51B32002F5CD4 /* ImagesListCell.swift */; };
		33169DAB2BE3AB3D00943F51 /* AppDelegate.swift in Sources */ = {isa = PBXBuildFile; fileRef = 33169DAA2BE3AB3D00943F51 /* AppDelegate.swift */; };
		33169DAD2BE3AB3D00943F51 /* SceneDelegate.swift in Sources */ = {isa = PBXBuildFile; fileRef = 33169DAC2BE3AB3D00943F51 /* SceneDelegate.swift */; };
		33169DAF2BE3AB3D00943F51 /* ImagesListViewController.swift in Sources */ = {isa = PBXBuildFile; fileRef = 33169DAE2BE3AB3D00943F51 /* ImagesListViewController.swift */; };
		33169DB22BE3AB3D00943F51 /* Base in Resources */ = {isa = PBXBuildFile; fileRef = 33169DB12BE3AB3D00943F51 /* Base */; };
		33169DB42BE3AB3F00943F51 /* Assets.xcassets in Resources */ = {isa = PBXBuildFile; fileRef = 33169DB32BE3AB3F00943F51 /* Assets.xcassets */; };
		33169DB72BE3AB3F00943F51 /* Base in Resources */ = {isa = PBXBuildFile; fileRef = 33169DB62BE3AB3F00943F51 /* Base */; };
		337E71CE2BE5386000182D20 /* Constants.swift in Sources */ = {isa = PBXBuildFile; fileRef = 337E71CD2BE5386000182D20 /* Constants.swift */; };
/* End PBXBuildFile section */

/* Begin PBXFileReference section */
		281BF10E2C08D9E90024BB5F /* WebViewViewController.swift */ = {isa = PBXFileReference; lastKnownFileType = sourcecode.swift; path = WebViewViewController.swift; sourceTree = "<group>"; };
		281BF1112C08E6180024BB5F /* WebViewViewControllerDelegate.swift */ = {isa = PBXFileReference; lastKnownFileType = sourcecode.swift; path = WebViewViewControllerDelegate.swift; sourceTree = "<group>"; };
		282BD1B92C08F4B90090E013 /* OAuth2Service.swift */ = {isa = PBXFileReference; lastKnownFileType = sourcecode.swift; path = OAuth2Service.swift; sourceTree = "<group>"; };
		282BD1BC2C08FC140090E013 /* URLSession+data.swift */ = {isa = PBXFileReference; lastKnownFileType = sourcecode.swift; path = "URLSession+data.swift"; sourceTree = "<group>"; };
		282BD1BF2C08FDFD0090E013 /* OAuthTokenResponseBody.swift */ = {isa = PBXFileReference; lastKnownFileType = sourcecode.swift; path = OAuthTokenResponseBody.swift; sourceTree = "<group>"; };
		282BD1C52C09FB2E0090E013 /* OAuth2TokenStorage.swift */ = {isa = PBXFileReference; lastKnownFileType = sourcecode.swift; path = OAuth2TokenStorage.swift; sourceTree = "<group>"; };
		282BD1CA2C0A02E10090E013 /* SplashViewController.swift */ = {isa = PBXFileReference; lastKnownFileType = sourcecode.swift; path = SplashViewController.swift; sourceTree = "<group>"; };
		282BD1CC2C0C74F30090E013 /* AuthViewControllerDelegate.swift */ = {isa = PBXFileReference; lastKnownFileType = sourcecode.swift; path = AuthViewControllerDelegate.swift; sourceTree = "<group>"; };
		28416C562C2C450200FC3A81 /* ProfileImageService.swift */ = {isa = PBXFileReference; lastKnownFileType = sourcecode.swift; path = ProfileImageService.swift; sourceTree = "<group>"; };
		28416C592C2C454200FC3A81 /* UserResult.swift */ = {isa = PBXFileReference; lastKnownFileType = sourcecode.swift; path = UserResult.swift; sourceTree = "<group>"; };
		28416C632C2CABE700FC3A81 /* TabBarController.swift */ = {isa = PBXFileReference; lastKnownFileType = sourcecode.swift; path = TabBarController.swift; sourceTree = "<group>"; };
		28BC8E6C2C08D5CC00FE4978 /* AuthViewController.swift */ = {isa = PBXFileReference; lastKnownFileType = sourcecode.swift; path = AuthViewController.swift; sourceTree = "<group>"; };
		28DD68982C25BEB3003B79B9 /* UIBlockingProgressHUD.swift */ = {isa = PBXFileReference; lastKnownFileType = sourcecode.swift; path = UIBlockingProgressHUD.swift; sourceTree = "<group>"; };
		28DD689A2C2AFDA1003B79B9 /* ProfileService.swift */ = {isa = PBXFileReference; lastKnownFileType = sourcecode.swift; path = ProfileService.swift; sourceTree = "<group>"; };
		28DD689C2C2AFDCC003B79B9 /* ProfileResult.swift */ = {isa = PBXFileReference; lastKnownFileType = sourcecode.swift; path = ProfileResult.swift; sourceTree = "<group>"; };
		28DD689E2C2AFF40003B79B9 /* Profile.swift */ = {isa = PBXFileReference; lastKnownFileType = sourcecode.swift; path = Profile.swift; sourceTree = "<group>"; };
		28E842162BF77B9900549E85 /* ProfileViewController.swift */ = {isa = PBXFileReference; lastKnownFileType = sourcecode.swift; path = ProfileViewController.swift; sourceTree = "<group>"; };
		28E842192BF9466100549E85 /* SingleImageViewController.swift */ = {isa = PBXFileReference; lastKnownFileType = sourcecode.swift; path = SingleImageViewController.swift; sourceTree = "<group>"; };
		33032DB92BE51B32002F5CD4 /* ImagesListCell.swift */ = {isa = PBXFileReference; lastKnownFileType = sourcecode.swift; path = ImagesListCell.swift; sourceTree = "<group>"; };
		33169DA72BE3AB3D00943F51 /* ImageFeed.app */ = {isa = PBXFileReference; explicitFileType = wrapper.application; includeInIndex = 0; path = ImageFeed.app; sourceTree = BUILT_PRODUCTS_DIR; };
		33169DAA2BE3AB3D00943F51 /* AppDelegate.swift */ = {isa = PBXFileReference; lastKnownFileType = sourcecode.swift; path = AppDelegate.swift; sourceTree = "<group>"; };
		33169DAC2BE3AB3D00943F51 /* SceneDelegate.swift */ = {isa = PBXFileReference; lastKnownFileType = sourcecode.swift; path = SceneDelegate.swift; sourceTree = "<group>"; };
		33169DAE2BE3AB3D00943F51 /* ImagesListViewController.swift */ = {isa = PBXFileReference; lastKnownFileType = sourcecode.swift; path = ImagesListViewController.swift; sourceTree = "<group>"; };
		33169DB12BE3AB3D00943F51 /* Base */ = {isa = PBXFileReference; lastKnownFileType = file.storyboard; name = Base; path = Base.lproj/Main.storyboard; sourceTree = "<group>"; };
		33169DB32BE3AB3F00943F51 /* Assets.xcassets */ = {isa = PBXFileReference; lastKnownFileType = folder.assetcatalog; path = Assets.xcassets; sourceTree = "<group>"; };
		33169DB62BE3AB3F00943F51 /* Base */ = {isa = PBXFileReference; lastKnownFileType = file.storyboard; name = Base; path = Base.lproj/LaunchScreen.storyboard; sourceTree = "<group>"; };
		33169DB82BE3AB3F00943F51 /* Info.plist */ = {isa = PBXFileReference; lastKnownFileType = text.plist.xml; path = Info.plist; sourceTree = "<group>"; };
		337E71CD2BE5386000182D20 /* Constants.swift */ = {isa = PBXFileReference; lastKnownFileType = sourcecode.swift; path = Constants.swift; sourceTree = "<group>"; };
/* End PBXFileReference section */

/* Begin PBXFrameworksBuildPhase section */
		33169DA42BE3AB3D00943F51 /* Frameworks */ = {
			isa = PBXFrameworksBuildPhase;
			buildActionMask = 2147483647;
			files = (
				28416C5E2C2C844A00FC3A81 /* Kingfisher in Frameworks */,
				28DD68972C232848003B79B9 /* ProgressHUD in Frameworks */,
				28416C612C2CA98E00FC3A81 /* SwiftKeychainWrapper in Frameworks */,
			);
			runOnlyForDeploymentPostprocessing = 0;
		};
/* End PBXFrameworksBuildPhase section */

/* Begin PBXGroup section */
		281BF1102C08E60C0024BB5F /* Protocol */ = {
			isa = PBXGroup;
			children = (
				281BF1112C08E6180024BB5F /* WebViewViewControllerDelegate.swift */,
				282BD1CC2C0C74F30090E013 /* AuthViewControllerDelegate.swift */,
			);
			path = Protocol;
			sourceTree = "<group>";
		};
		282BD1BB2C08FC070090E013 /* Extension */ = {
			isa = PBXGroup;
			children = (
				282BD1BC2C08FC140090E013 /* URLSession+data.swift */,
			);
			path = Extension;
			sourceTree = "<group>";
		};
		282BD1BE2C08FDF90090E013 /* Model */ = {
			isa = PBXGroup;
			children = (
				282BD1BF2C08FDFD0090E013 /* OAuthTokenResponseBody.swift */,
			);
			path = Model;
			sourceTree = "<group>";
		};
		282BD1C42C09FB0D0090E013 /* UserSettings */ = {
			isa = PBXGroup;
			children = (
				282BD1C52C09FB2E0090E013 /* OAuth2TokenStorage.swift */,
			);
			path = UserSettings;
			sourceTree = "<group>";
		};
		282BD1C72C0A026B0090E013 /* Service */ = {
			isa = PBXGroup;
			children = (
				282BD1B92C08F4B90090E013 /* OAuth2Service.swift */,
			);
			path = Service;
			sourceTree = "<group>";
		};
		282BD1C82C0A02740090E013 /* Controllers */ = {
			isa = PBXGroup;
			children = (
				28BC8E6C2C08D5CC00FE4978 /* AuthViewController.swift */,
				281BF10E2C08D9E90024BB5F /* WebViewViewController.swift */,
			);
			path = Controllers;
			sourceTree = "<group>";
		};
		282BD1C92C0A02D60090E013 /* SplashViewController */ = {
			isa = PBXGroup;
			children = (
				282BD1CA2C0A02E10090E013 /* SplashViewController.swift */,
			);
			path = SplashViewController;
			sourceTree = "<group>";
		};
		28416C552C2C44F100FC3A81 /* Service */ = {
			isa = PBXGroup;
			children = (
				28DD689A2C2AFDA1003B79B9 /* ProfileService.swift */,
				28416C562C2C450200FC3A81 /* ProfileImageService.swift */,
			);
			path = Service;
			sourceTree = "<group>";
		};
		28416C582C2C451B00FC3A81 /* Model */ = {
			isa = PBXGroup;
			children = (
				28DD689C2C2AFDCC003B79B9 /* ProfileResult.swift */,
				28DD689E2C2AFF40003B79B9 /* Profile.swift */,
				28416C592C2C454200FC3A81 /* UserResult.swift */,
			);
			path = Model;
			sourceTree = "<group>";
		};
		28416C622C2CABDD00FC3A81 /* RootTabBar */ = {
			isa = PBXGroup;
			children = (
				28416C632C2CABE700FC3A81 /* TabBarController.swift */,
			);
			path = RootTabBar;
			sourceTree = "<group>";
		};
		28BC8E6B2C08D5AF00FE4978 /* Auth */ = {
			isa = PBXGroup;
			children = (
				282BD1C82C0A02740090E013 /* Controllers */,
				282BD1C72C0A026B0090E013 /* Service */,
				282BD1BE2C08FDF90090E013 /* Model */,
				281BF1102C08E60C0024BB5F /* Protocol */,
				28DD68982C25BEB3003B79B9 /* UIBlockingProgressHUD.swift */,
			);
			path = Auth;
			sourceTree = "<group>";
		};
		28C806E52BFA0D7900735477 /* SingleImage */ = {
			isa = PBXGroup;
			children = (
				28E842192BF9466100549E85 /* SingleImageViewController.swift */,
			);
			path = SingleImage;
			sourceTree = "<group>";
		};
		28E842152BF77B7D00549E85 /* Profile */ = {
			isa = PBXGroup;
			children = (
				28416C582C2C451B00FC3A81 /* Model */,
				28416C552C2C44F100FC3A81 /* Service */,
				28E842162BF77B9900549E85 /* ProfileViewController.swift */,
			);
			path = Profile;
			sourceTree = "<group>";
		};
		33032DBB2BE51B61002F5CD4 /* ImagesList */ = {
			isa = PBXGroup;
			children = (
				33169DAE2BE3AB3D00943F51 /* ImagesListViewController.swift */,
				33032DB92BE51B32002F5CD4 /* ImagesListCell.swift */,
			);
			path = ImagesList;
			sourceTree = "<group>";
		};
		33169D9E2BE3AB3D00943F51 = {
			isa = PBXGroup;
			children = (
				33169DA92BE3AB3D00943F51 /* ImageFeed */,
				33169DA82BE3AB3D00943F51 /* Products */,
			);
			sourceTree = "<group>";
		};
		33169DA82BE3AB3D00943F51 /* Products */ = {
			isa = PBXGroup;
			children = (
				33169DA72BE3AB3D00943F51 /* ImageFeed.app */,
			);
			name = Products;
			sourceTree = "<group>";
		};
		33169DA92BE3AB3D00943F51 /* ImageFeed */ = {
			isa = PBXGroup;
			children = (
				28416C622C2CABDD00FC3A81 /* RootTabBar */,
				282BD1C92C0A02D60090E013 /* SplashViewController */,
				282BD1C42C09FB0D0090E013 /* UserSettings */,
				282BD1BB2C08FC070090E013 /* Extension */,
				28BC8E6B2C08D5AF00FE4978 /* Auth */,
				28C806E52BFA0D7900735477 /* SingleImage */,
				28E842152BF77B7D00549E85 /* Profile */,
				33032DBB2BE51B61002F5CD4 /* ImagesList */,
				33169DAA2BE3AB3D00943F51 /* AppDelegate.swift */,
				33169DAC2BE3AB3D00943F51 /* SceneDelegate.swift */,
				337E71CD2BE5386000182D20 /* Constants.swift */,
				33169DB02BE3AB3D00943F51 /* Main.storyboard */,
				33169DDF2BE3D6E300943F51 /* Resources */,
			);
			path = ImageFeed;
			sourceTree = "<group>";
		};
		33169DDF2BE3D6E300943F51 /* Resources */ = {
			isa = PBXGroup;
			children = (
				33169DB32BE3AB3F00943F51 /* Assets.xcassets */,
				33169DB52BE3AB3F00943F51 /* LaunchScreen.storyboard */,
				33169DB82BE3AB3F00943F51 /* Info.plist */,
			);
			path = Resources;
			sourceTree = "<group>";
		};
/* End PBXGroup section */

/* Begin PBXNativeTarget section */
		33169DA62BE3AB3D00943F51 /* ImageFeed */ = {
			isa = PBXNativeTarget;
			buildConfigurationList = 33169DBB2BE3AB3F00943F51 /* Build configuration list for PBXNativeTarget "ImageFeed" */;
			buildPhases = (
				33169DA32BE3AB3D00943F51 /* Sources */,
				33169DA42BE3AB3D00943F51 /* Frameworks */,
				33169DA52BE3AB3D00943F51 /* Resources */,
			);
			buildRules = (
			);
			dependencies = (
			);
			name = ImageFeed;
			packageProductDependencies = (
				28DD68962C232848003B79B9 /* ProgressHUD */,
				28416C5D2C2C844A00FC3A81 /* Kingfisher */,
				28416C602C2CA98E00FC3A81 /* SwiftKeychainWrapper */,
			);
			productName = ImageFeed;
			productReference = 33169DA72BE3AB3D00943F51 /* ImageFeed.app */;
			productType = "com.apple.product-type.application";
		};
/* End PBXNativeTarget section */

/* Begin PBXProject section */
		33169D9F2BE3AB3D00943F51 /* Project object */ = {
			isa = PBXProject;
			attributes = {
				BuildIndependentTargetsInParallel = 1;
				LastSwiftUpdateCheck = 1530;
				LastUpgradeCheck = 1530;
				TargetAttributes = {
					33169DA62BE3AB3D00943F51 = {
						CreatedOnToolsVersion = 15.3;
					};
				};
			};
			buildConfigurationList = 33169DA22BE3AB3D00943F51 /* Build configuration list for PBXProject "ImageFeed" */;
			compatibilityVersion = "Xcode 14.0";
			developmentRegion = en;
			hasScannedForEncodings = 0;
			knownRegions = (
				en,
				Base,
			);
			mainGroup = 33169D9E2BE3AB3D00943F51;
			packageReferences = (
				28DD68952C232848003B79B9 /* XCRemoteSwiftPackageReference "ProgressHUD" */,
				28416C5C2C2C844A00FC3A81 /* XCRemoteSwiftPackageReference "Kingfisher" */,
				28416C5F2C2CA98E00FC3A81 /* XCRemoteSwiftPackageReference "SwiftKeychainWrapper" */,
			);
			productRefGroup = 33169DA82BE3AB3D00943F51 /* Products */;
			projectDirPath = "";
			projectRoot = "";
			targets = (
				33169DA62BE3AB3D00943F51 /* ImageFeed */,
			);
		};
/* End PBXProject section */

/* Begin PBXResourcesBuildPhase section */
		33169DA52BE3AB3D00943F51 /* Resources */ = {
			isa = PBXResourcesBuildPhase;
			buildActionMask = 2147483647;
			files = (
				33169DB42BE3AB3F00943F51 /* Assets.xcassets in Resources */,
				33169DB72BE3AB3F00943F51 /* Base in Resources */,
				33169DB22BE3AB3D00943F51 /* Base in Resources */,
			);
			runOnlyForDeploymentPostprocessing = 0;
		};
/* End PBXResourcesBuildPhase section */

/* Begin PBXSourcesBuildPhase section */
		33169DA32BE3AB3D00943F51 /* Sources */ = {
			isa = PBXSourcesBuildPhase;
			buildActionMask = 2147483647;
			files = (
				28E842172BF77B9900549E85 /* ProfileViewController.swift in Sources */,
				28DD689F2C2AFF40003B79B9 /* Profile.swift in Sources */,
				281BF1122C08E6180024BB5F /* WebViewViewControllerDelegate.swift in Sources */,
				28DD689D2C2AFDCC003B79B9 /* ProfileResult.swift in Sources */,
				337E71CE2BE5386000182D20 /* Constants.swift in Sources */,
				28416C642C2CABE700FC3A81 /* TabBarController.swift in Sources */,
				33169DAF2BE3AB3D00943F51 /* ImagesListViewController.swift in Sources */,
				282BD1BA2C08F4B90090E013 /* OAuth2Service.swift in Sources */,
				282BD1C02C08FDFD0090E013 /* OAuthTokenResponseBody.swift in Sources */,
				28E8421A2BF9466100549E85 /* SingleImageViewController.swift in Sources */,
				28BC8E6D2C08D5CC00FE4978 /* AuthViewController.swift in Sources */,
				33032DBA2BE51B32002F5CD4 /* ImagesListCell.swift in Sources */,
				28416C5A2C2C454200FC3A81 /* UserResult.swift in Sources */,
				282BD1CB2C0A02E10090E013 /* SplashViewController.swift in Sources */,
				282BD1BD2C08FC140090E013 /* URLSession+data.swift in Sources */,
				28DD689B2C2AFDA1003B79B9 /* ProfileService.swift in Sources */,
				33169DAB2BE3AB3D00943F51 /* AppDelegate.swift in Sources */,
				28416C572C2C450200FC3A81 /* ProfileImageService.swift in Sources */,
				282BD1C62C09FB2E0090E013 /* OAuth2TokenStorage.swift in Sources */,
				281BF10F2C08D9E90024BB5F /* WebViewViewController.swift in Sources */,
				282BD1CD2C0C74F30090E013 /* AuthViewControllerDelegate.swift in Sources */,
				33169DAD2BE3AB3D00943F51 /* SceneDelegate.swift in Sources */,
				28DD68992C25BEB3003B79B9 /* UIBlockingProgressHUD.swift in Sources */,
			);
			runOnlyForDeploymentPostprocessing = 0;
		};
/* End PBXSourcesBuildPhase section */

/* Begin PBXVariantGroup section */
		33169DB02BE3AB3D00943F51 /* Main.storyboard */ = {
			isa = PBXVariantGroup;
			children = (
				33169DB12BE3AB3D00943F51 /* Base */,
			);
			name = Main.storyboard;
			sourceTree = "<group>";
		};
		33169DB52BE3AB3F00943F51 /* LaunchScreen.storyboard */ = {
			isa = PBXVariantGroup;
			children = (
				33169DB62BE3AB3F00943F51 /* Base */,
			);
			name = LaunchScreen.storyboard;
			sourceTree = "<group>";
		};
/* End PBXVariantGroup section */

/* Begin XCBuildConfiguration section */
		33169DB92BE3AB3F00943F51 /* Debug */ = {
			isa = XCBuildConfiguration;
			buildSettings = {
				ALWAYS_SEARCH_USER_PATHS = NO;
				ASSETCATALOG_COMPILER_GENERATE_SWIFT_ASSET_SYMBOL_EXTENSIONS = YES;
				CLANG_ANALYZER_NONNULL = YES;
				CLANG_ANALYZER_NUMBER_OBJECT_CONVERSION = YES_AGGRESSIVE;
				CLANG_CXX_LANGUAGE_STANDARD = "gnu++20";
				CLANG_ENABLE_MODULES = YES;
				CLANG_ENABLE_OBJC_ARC = YES;
				CLANG_ENABLE_OBJC_WEAK = YES;
				CLANG_WARN_BLOCK_CAPTURE_AUTORELEASING = YES;
				CLANG_WARN_BOOL_CONVERSION = YES;
				CLANG_WARN_COMMA = YES;
				CLANG_WARN_CONSTANT_CONVERSION = YES;
				CLANG_WARN_DEPRECATED_OBJC_IMPLEMENTATIONS = YES;
				CLANG_WARN_DIRECT_OBJC_ISA_USAGE = YES_ERROR;
				CLANG_WARN_DOCUMENTATION_COMMENTS = YES;
				CLANG_WARN_EMPTY_BODY = YES;
				CLANG_WARN_ENUM_CONVERSION = YES;
				CLANG_WARN_INFINITE_RECURSION = YES;
				CLANG_WARN_INT_CONVERSION = YES;
				CLANG_WARN_NON_LITERAL_NULL_CONVERSION = YES;
				CLANG_WARN_OBJC_IMPLICIT_RETAIN_SELF = YES;
				CLANG_WARN_OBJC_LITERAL_CONVERSION = YES;
				CLANG_WARN_OBJC_ROOT_CLASS = YES_ERROR;
				CLANG_WARN_QUOTED_INCLUDE_IN_FRAMEWORK_HEADER = YES;
				CLANG_WARN_RANGE_LOOP_ANALYSIS = YES;
				CLANG_WARN_STRICT_PROTOTYPES = YES;
				CLANG_WARN_SUSPICIOUS_MOVE = YES;
				CLANG_WARN_UNGUARDED_AVAILABILITY = YES_AGGRESSIVE;
				CLANG_WARN_UNREACHABLE_CODE = YES;
				CLANG_WARN__DUPLICATE_METHOD_MATCH = YES;
				COPY_PHASE_STRIP = NO;
				DEBUG_INFORMATION_FORMAT = dwarf;
				ENABLE_STRICT_OBJC_MSGSEND = YES;
				ENABLE_TESTABILITY = YES;
				ENABLE_USER_SCRIPT_SANDBOXING = YES;
				GCC_C_LANGUAGE_STANDARD = gnu17;
				GCC_DYNAMIC_NO_PIC = NO;
				GCC_NO_COMMON_BLOCKS = YES;
				GCC_OPTIMIZATION_LEVEL = 0;
				GCC_PREPROCESSOR_DEFINITIONS = (
					"DEBUG=1",
					"$(inherited)",
				);
				GCC_WARN_64_TO_32_BIT_CONVERSION = YES;
				GCC_WARN_ABOUT_RETURN_TYPE = YES_ERROR;
				GCC_WARN_UNDECLARED_SELECTOR = YES;
				GCC_WARN_UNINITIALIZED_AUTOS = YES_AGGRESSIVE;
				GCC_WARN_UNUSED_FUNCTION = YES;
				GCC_WARN_UNUSED_VARIABLE = YES;
				IPHONEOS_DEPLOYMENT_TARGET = 17.0;
				LOCALIZATION_PREFERS_STRING_CATALOGS = YES;
				MTL_ENABLE_DEBUG_INFO = INCLUDE_SOURCE;
				MTL_FAST_MATH = YES;
				ONLY_ACTIVE_ARCH = YES;
				SDKROOT = iphoneos;
				SWIFT_ACTIVE_COMPILATION_CONDITIONS = "DEBUG $(inherited)";
				SWIFT_OPTIMIZATION_LEVEL = "-Onone";
			};
			name = Debug;
		};
		33169DBA2BE3AB3F00943F51 /* Release */ = {
			isa = XCBuildConfiguration;
			buildSettings = {
				ALWAYS_SEARCH_USER_PATHS = NO;
				ASSETCATALOG_COMPILER_GENERATE_SWIFT_ASSET_SYMBOL_EXTENSIONS = YES;
				CLANG_ANALYZER_NONNULL = YES;
				CLANG_ANALYZER_NUMBER_OBJECT_CONVERSION = YES_AGGRESSIVE;
				CLANG_CXX_LANGUAGE_STANDARD = "gnu++20";
				CLANG_ENABLE_MODULES = YES;
				CLANG_ENABLE_OBJC_ARC = YES;
				CLANG_ENABLE_OBJC_WEAK = YES;
				CLANG_WARN_BLOCK_CAPTURE_AUTORELEASING = YES;
				CLANG_WARN_BOOL_CONVERSION = YES;
				CLANG_WARN_COMMA = YES;
				CLANG_WARN_CONSTANT_CONVERSION = YES;
				CLANG_WARN_DEPRECATED_OBJC_IMPLEMENTATIONS = YES;
				CLANG_WARN_DIRECT_OBJC_ISA_USAGE = YES_ERROR;
				CLANG_WARN_DOCUMENTATION_COMMENTS = YES;
				CLANG_WARN_EMPTY_BODY = YES;
				CLANG_WARN_ENUM_CONVERSION = YES;
				CLANG_WARN_INFINITE_RECURSION = YES;
				CLANG_WARN_INT_CONVERSION = YES;
				CLANG_WARN_NON_LITERAL_NULL_CONVERSION = YES;
				CLANG_WARN_OBJC_IMPLICIT_RETAIN_SELF = YES;
				CLANG_WARN_OBJC_LITERAL_CONVERSION = YES;
				CLANG_WARN_OBJC_ROOT_CLASS = YES_ERROR;
				CLANG_WARN_QUOTED_INCLUDE_IN_FRAMEWORK_HEADER = YES;
				CLANG_WARN_RANGE_LOOP_ANALYSIS = YES;
				CLANG_WARN_STRICT_PROTOTYPES = YES;
				CLANG_WARN_SUSPICIOUS_MOVE = YES;
				CLANG_WARN_UNGUARDED_AVAILABILITY = YES_AGGRESSIVE;
				CLANG_WARN_UNREACHABLE_CODE = YES;
				CLANG_WARN__DUPLICATE_METHOD_MATCH = YES;
				COPY_PHASE_STRIP = NO;
				DEBUG_INFORMATION_FORMAT = "dwarf-with-dsym";
				ENABLE_NS_ASSERTIONS = NO;
				ENABLE_STRICT_OBJC_MSGSEND = YES;
				ENABLE_USER_SCRIPT_SANDBOXING = YES;
				GCC_C_LANGUAGE_STANDARD = gnu17;
				GCC_NO_COMMON_BLOCKS = YES;
				GCC_WARN_64_TO_32_BIT_CONVERSION = YES;
				GCC_WARN_ABOUT_RETURN_TYPE = YES_ERROR;
				GCC_WARN_UNDECLARED_SELECTOR = YES;
				GCC_WARN_UNINITIALIZED_AUTOS = YES_AGGRESSIVE;
				GCC_WARN_UNUSED_FUNCTION = YES;
				GCC_WARN_UNUSED_VARIABLE = YES;
				IPHONEOS_DEPLOYMENT_TARGET = 17.0;
				LOCALIZATION_PREFERS_STRING_CATALOGS = YES;
				MTL_ENABLE_DEBUG_INFO = NO;
				MTL_FAST_MATH = YES;
				SDKROOT = iphoneos;
				SWIFT_COMPILATION_MODE = wholemodule;
				VALIDATE_PRODUCT = YES;
			};
			name = Release;
		};
		33169DBC2BE3AB3F00943F51 /* Debug */ = {
			isa = XCBuildConfiguration;
			buildSettings = {
				ASSETCATALOG_COMPILER_APPICON_NAME = AppIcon;
				ASSETCATALOG_COMPILER_GLOBAL_ACCENT_COLOR_NAME = AccentColor;
				CODE_SIGN_STYLE = Automatic;
				CURRENT_PROJECT_VERSION = 1;
				DEVELOPMENT_TEAM = 67G6YBUC4Z;
				GENERATE_INFOPLIST_FILE = YES;
				INFOPLIST_FILE = ImageFeed/Resources/Info.plist;
				INFOPLIST_KEY_UIApplicationSupportsIndirectInputEvents = YES;
				INFOPLIST_KEY_UILaunchStoryboardName = LaunchScreen;
				INFOPLIST_KEY_UIMainStoryboardFile = Main;
				INFOPLIST_KEY_UISupportedInterfaceOrientations = UIInterfaceOrientationPortrait;
				IPHONEOS_DEPLOYMENT_TARGET = 13.0;
				LD_RUNPATH_SEARCH_PATHS = (
					"$(inherited)",
					"@executable_path/Frameworks",
				);
				MARKETING_VERSION = 1.0;
				PRODUCT_BUNDLE_IDENTIFIER = ru.avcorp.ImageFeed;
				PRODUCT_NAME = "$(TARGET_NAME)";
				SUPPORTED_PLATFORMS = "iphoneos iphonesimulator";
				SUPPORTS_MACCATALYST = NO;
				SUPPORTS_MAC_DESIGNED_FOR_IPHONE_IPAD = NO;
				SUPPORTS_XR_DESIGNED_FOR_IPHONE_IPAD = NO;
				SWIFT_EMIT_LOC_STRINGS = YES;
				SWIFT_VERSION = 5.0;
				TARGETED_DEVICE_FAMILY = 1;
			};
			name = Debug;
		};
		33169DBD2BE3AB3F00943F51 /* Release */ = {
			isa = XCBuildConfiguration;
			buildSettings = {
				ASSETCATALOG_COMPILER_APPICON_NAME = AppIcon;
				ASSETCATALOG_COMPILER_GLOBAL_ACCENT_COLOR_NAME = AccentColor;
				CODE_SIGN_STYLE = Automatic;
				CURRENT_PROJECT_VERSION = 1;
				DEVELOPMENT_TEAM = 67G6YBUC4Z;
				GENERATE_INFOPLIST_FILE = YES;
				INFOPLIST_FILE = ImageFeed/Resources/Info.plist;
				INFOPLIST_KEY_UIApplicationSupportsIndirectInputEvents = YES;
				INFOPLIST_KEY_UILaunchStoryboardName = LaunchScreen;
				INFOPLIST_KEY_UIMainStoryboardFile = Main;
				INFOPLIST_KEY_UISupportedInterfaceOrientations = UIInterfaceOrientationPortrait;
				IPHONEOS_DEPLOYMENT_TARGET = 13.0;
				LD_RUNPATH_SEARCH_PATHS = (
					"$(inherited)",
					"@executable_path/Frameworks",
				);
				MARKETING_VERSION = 1.0;
				PRODUCT_BUNDLE_IDENTIFIER = ru.avcorp.ImageFeed;
				PRODUCT_NAME = "$(TARGET_NAME)";
				SUPPORTED_PLATFORMS = "iphoneos iphonesimulator";
				SUPPORTS_MACCATALYST = NO;
				SUPPORTS_MAC_DESIGNED_FOR_IPHONE_IPAD = NO;
				SUPPORTS_XR_DESIGNED_FOR_IPHONE_IPAD = NO;
				SWIFT_EMIT_LOC_STRINGS = YES;
				SWIFT_VERSION = 5.0;
				TARGETED_DEVICE_FAMILY = 1;
			};
			name = Release;
		};
/* End XCBuildConfiguration section */

/* Begin XCConfigurationList section */
		33169DA22BE3AB3D00943F51 /* Build configuration list for PBXProject "ImageFeed" */ = {
			isa = XCConfigurationList;
			buildConfigurations = (
				33169DB92BE3AB3F00943F51 /* Debug */,
				33169DBA2BE3AB3F00943F51 /* Release */,
			);
			defaultConfigurationIsVisible = 0;
			defaultConfigurationName = Release;
		};
		33169DBB2BE3AB3F00943F51 /* Build configuration list for PBXNativeTarget "ImageFeed" */ = {
			isa = XCConfigurationList;
			buildConfigurations = (
				33169DBC2BE3AB3F00943F51 /* Debug */,
				33169DBD2BE3AB3F00943F51 /* Release */,
			);
			defaultConfigurationIsVisible = 0;
			defaultConfigurationName = Release;
		};
/* End XCConfigurationList section */

/* Begin XCRemoteSwiftPackageReference section */
		28416C5C2C2C844A00FC3A81 /* XCRemoteSwiftPackageReference "Kingfisher" */ = {
			isa = XCRemoteSwiftPackageReference;
			repositoryURL = "https://github.com/onevcat/Kingfisher";
			requirement = {
				kind = upToNextMajorVersion;
				minimumVersion = 7.12.0;
			};
		};
		28416C5F2C2CA98E00FC3A81 /* XCRemoteSwiftPackageReference "SwiftKeychainWrapper" */ = {
			isa = XCRemoteSwiftPackageReference;
			repositoryURL = "https://github.com/jrendel/SwiftKeychainWrapper";
			requirement = {
				kind = upToNextMajorVersion;
				minimumVersion = 4.0.1;
			};
		};
		28DD68952C232848003B79B9 /* XCRemoteSwiftPackageReference "ProgressHUD" */ = {
			isa = XCRemoteSwiftPackageReference;
			repositoryURL = "https://github.com/relatedcode/ProgressHUD";
			requirement = {
				kind = upToNextMajorVersion;
				minimumVersion = 14.1.3;
			};
		};
/* End XCRemoteSwiftPackageReference section */

/* Begin XCSwiftPackageProductDependency section */
		28416C5D2C2C844A00FC3A81 /* Kingfisher */ = {
			isa = XCSwiftPackageProductDependency;
			package = 28416C5C2C2C844A00FC3A81 /* XCRemoteSwiftPackageReference "Kingfisher" */;
			productName = Kingfisher;
		};
		28416C602C2CA98E00FC3A81 /* SwiftKeychainWrapper */ = {
			isa = XCSwiftPackageProductDependency;
			package = 28416C5F2C2CA98E00FC3A81 /* XCRemoteSwiftPackageReference "SwiftKeychainWrapper" */;
			productName = SwiftKeychainWrapper;
		};
		28DD68962C232848003B79B9 /* ProgressHUD */ = {
			isa = XCSwiftPackageProductDependency;
			package = 28DD68952C232848003B79B9 /* XCRemoteSwiftPackageReference "ProgressHUD" */;
			productName = ProgressHUD;
		};
/* End XCSwiftPackageProductDependency section */
	};
	rootObject = 33169D9F2BE3AB3D00943F51 /* Project object */;
}
